
Microsoft Visual Studio Solution File, Format Version 12.00
Project("{FAE04EC0-301F-11D3-BF4B-00C04F79EFBC}") = "Kata", "Kata\Kata.csproj", "{D99CF05F-9AEC-4125-9CBA-CA13547DB9C2}"
EndProject
Project("{FAE04EC0-301F-11D3-BF4B-00C04F79EFBC}") = "UnitTest", "UnitTest\UnitTest.csproj", "{EC052A3C-BC88-4454-9702-9131F2283125}"
EndProject
Global
	GlobalSection(SolutionConfigurationPlatforms) = preSolution
		Debug|Any CPU = Debug|Any CPU
		Release|Any CPU = Release|Any CPU
	EndGlobalSection
	GlobalSection(ProjectConfigurationPlatforms) = postSolution
		{D99CF05F-9AEC-4125-9CBA-CA13547DB9C2}.Debug|Any CPU.ActiveCfg = Debug|Any CPU
		{D99CF05F-9AEC-4125-9CBA-CA13547DB9C2}.Debug|Any CPU.Build.0 = Debug|Any CPU
		{D99CF05F-9AEC-4125-9CBA-CA13547DB9C2}.Release|Any CPU.ActiveCfg = Release|Any CPU
		{D99CF05F-9AEC-4125-9CBA-CA13547DB9C2}.Release|Any CPU.Build.0 = Release|Any CPU
		{EC052A3C-BC88-4454-9702-9131F2283125}.Debug|Any CPU.ActiveCfg = Debug|Any CPU
		{EC052A3C-BC88-4454-9702-9131F2283125}.Debug|Any CPU.Build.0 = Debug|Any CPU
		{EC052A3C-BC88-4454-9702-9131F2283125}.Release|Any CPU.ActiveCfg = Release|Any CPU
		{EC052A3C-BC88-4454-9702-9131F2283125}.Release|Any CPU.Build.0 = Release|Any CPU
	EndGlobalSection
EndGlobal
